
Microsoft Visual Studio Solution File, Format Version 11.00
# Visual Studio 2010
Project("{FAE04EC0-301F-11D3-BF4B-00C04F79EFBC}") = "SimpleDialogWF", "SimpleDialogWF\SimpleDialogWF.csproj", "{661EE646-24B2-4A20-885C-DAD8B2CE65E4}"
EndProject
Project("{FAE04EC0-301F-11D3-BF4B-00C04F79EFBC}") = "BackgroundOperationEmbedded", "BackgroundOperationEmbedded\BackgroundOperationEmbedded.csproj", "{6C971A2B-2F8D-463F-B2A1-042053B87A47}"
EndProject
Global
	GlobalSection(SolutionConfigurationPlatforms) = preSolution
		Debug|x86 = Debug|x86
		Release|x86 = Release|x86
	EndGlobalSection
	GlobalSection(ProjectConfigurationPlatforms) = postSolution
		{661EE646-24B2-4A20-885C-DAD8B2CE65E4}.Debug|x86.ActiveCfg = Debug|x86
		{661EE646-24B2-4A20-885C-DAD8B2CE65E4}.Debug|x86.Build.0 = Debug|x86
		{661EE646-24B2-4A20-885C-DAD8B2CE65E4}.Release|x86.ActiveCfg = Release|x86
		{661EE646-24B2-4A20-885C-DAD8B2CE65E4}.Release|x86.Build.0 = Release|x86
		{6C971A2B-2F8D-463F-B2A1-042053B87A47}.Debug|x86.ActiveCfg = Debug|x86
		{6C971A2B-2F8D-463F-B2A1-042053B87A47}.Debug|x86.Build.0 = Debug|x86
		{6C971A2B-2F8D-463F-B2A1-042053B87A47}.Release|x86.ActiveCfg = Release|x86
		{6C971A2B-2F8D-463F-B2A1-042053B87A47}.Release|x86.Build.0 = Release|x86
	EndGlobalSection
	GlobalSection(SolutionProperties) = preSolution
		HideSolutionNode = FALSE
	EndGlobalSection
EndGlobal
